
Microsoft Visual Studio Solution File, Format Version 12.00
# Visual Studio Version 16
VisualStudioVersion = 16.0.29709.97
MinimumVisualStudioVersion = 10.0.40219.1
Project("{FAE04EC0-301F-11D3-BF4B-00C04F79EFBC}") = "DeckOfCards", "DeckOfCards\DeckOfCards.csproj", "{042BB269-5BBE-4624-825D-5A7983752F68}"
EndProject
Global
	GlobalSection(SolutionConfigurationPlatforms) = preSolution
		Debug|Any CPU = Debug|Any CPU
		Release|Any CPU = Release|Any CPU
	EndGlobalSection
	GlobalSection(ProjectConfigurationPlatforms) = postSolution
		{042BB269-5BBE-4624-825D-5A7983752F68}.Debug|Any CPU.ActiveCfg = Debug|Any CPU
		{042BB269-5BBE-4624-825D-5A7983752F68}.Debug|Any CPU.Build.0 = Debug|Any CPU
		{042BB269-5BBE-4624-825D-5A7983752F68}.Release|Any CPU.ActiveCfg = Release|Any CPU
		{042BB269-5BBE-4624-825D-5A7983752F68}.Release|Any CPU.Build.0 = Release|Any CPU
	EndGlobalSection
	GlobalSection(SolutionProperties) = preSolution
		HideSolutionNode = FALSE
	EndGlobalSection
	GlobalSection(ExtensibilityGlobals) = postSolution
		SolutionGuid = {CBDEDFF5-4E4B-4D44-8D97-7F6C1745D4A0}
	EndGlobalSection
EndGlobal
